
Microsoft Visual Studio Solution File, Format Version 12.00
# Visual Studio Version 16
VisualStudioVersion = 16.0.29509.3
MinimumVisualStudioVersion = 10.0.40219.1
Project("{FAE04EC0-301F-11D3-BF4B-00C04F79EFBC}") = "Admin Tinglado", "Admin Tinglado\Admin Tinglado.csproj", "{3935F5BA-148A-4C93-9CDA-AA88BF15F684}"
EndProject
Global
	GlobalSection(SolutionConfigurationPlatforms) = preSolution
		Debug|Any CPU = Debug|Any CPU
		Release|Any CPU = Release|Any CPU
	EndGlobalSection
	GlobalSection(ProjectConfigurationPlatforms) = postSolution
		{3935F5BA-148A-4C93-9CDA-AA88BF15F684}.Debug|Any CPU.ActiveCfg = Debug|Any CPU
		{3935F5BA-148A-4C93-9CDA-AA88BF15F684}.Debug|Any CPU.Build.0 = Debug|Any CPU
		{3935F5BA-148A-4C93-9CDA-AA88BF15F684}.Release|Any CPU.ActiveCfg = Release|Any CPU
		{3935F5BA-148A-4C93-9CDA-AA88BF15F684}.Release|Any CPU.Build.0 = Release|Any CPU
	EndGlobalSection
	GlobalSection(SolutionProperties) = preSolution
		HideSolutionNode = FALSE
	EndGlobalSection
	GlobalSection(ExtensibilityGlobals) = postSolution
		SolutionGuid = {F4D4B4B9-5FA3-42CC-8FAE-CA3790AC206F}
	EndGlobalSection
EndGlobal
